
Microsoft Visual Studio Solution File, Format Version 11.00
# Visual Studio 2010
Project("{FAE04EC0-301F-11D3-BF4B-00C04F79EFBC}") = "Hulen.Web", "Hulen.Web\Hulen.Web.csproj", "{EA7CCA46-7C41-4901-8FA6-60C909F072CE}"
EndProject
Project("{FAE04EC0-301F-11D3-BF4B-00C04F79EFBC}") = "Hulen.Tests", "Hulen.Tests\Hulen.Tests.csproj", "{F203F123-6922-4AFB-B4A7-55A8AFDE898F}"
EndProject
Project("{FAE04EC0-301F-11D3-BF4B-00C04F79EFBC}") = "Console", "Console\Console.csproj", "{3D3DC7C4-ADC4-40F2-AE2D-1C4EDACF902A}"
EndProject
Project("{FAE04EC0-301F-11D3-BF4B-00C04F79EFBC}") = "Hulen.Storage", "Hulen.Storage\Hulen.Storage.csproj", "{B6DE12AC-6837-4A1F-9BB7-B622E40A0259}"
EndProject
Project("{FAE04EC0-301F-11D3-BF4B-00C04F79EFBC}") = "Hulen.BusinessServices", "Hulen.BusinessServices\Hulen.BusinessServices.csproj", "{04C78095-6734-4B6B-9409-D72E71ED31AD}"
EndProject
Project("{FAE04EC0-301F-11D3-BF4B-00C04F79EFBC}") = "Hulen.ReportingServices", "Hulen.ReportingServices\Hulen.ReportingServices.csproj", "{2A84AF44-EA5D-4C87-A282-86821E3FD9F7}"
EndProject
Global
	GlobalSection(SolutionConfigurationPlatforms) = preSolution
		Debug|Any CPU = Debug|Any CPU
		Debug|Mixed Platforms = Debug|Mixed Platforms
		Debug|x86 = Debug|x86
		Release|Any CPU = Release|Any CPU
		Release|Mixed Platforms = Release|Mixed Platforms
		Release|x86 = Release|x86
	EndGlobalSection
	GlobalSection(ProjectConfigurationPlatforms) = postSolution
		{EA7CCA46-7C41-4901-8FA6-60C909F072CE}.Debug|Any CPU.ActiveCfg = Debug|Any CPU
		{EA7CCA46-7C41-4901-8FA6-60C909F072CE}.Debug|Any CPU.Build.0 = Debug|Any CPU
		{EA7CCA46-7C41-4901-8FA6-60C909F072CE}.Debug|Mixed Platforms.ActiveCfg = Debug|Any CPU
		{EA7CCA46-7C41-4901-8FA6-60C909F072CE}.Debug|Mixed Platforms.Build.0 = Debug|Any CPU
		{EA7CCA46-7C41-4901-8FA6-60C909F072CE}.Debug|x86.ActiveCfg = Debug|Any CPU
		{EA7CCA46-7C41-4901-8FA6-60C909F072CE}.Debug|x86.Build.0 = Debug|Any CPU
		{EA7CCA46-7C41-4901-8FA6-60C909F072CE}.Release|Any CPU.ActiveCfg = Release|Any CPU
		{EA7CCA46-7C41-4901-8FA6-60C909F072CE}.Release|Any CPU.Build.0 = Release|Any CPU
		{EA7CCA46-7C41-4901-8FA6-60C909F072CE}.Release|Mixed Platforms.ActiveCfg = Release|Any CPU
		{EA7CCA46-7C41-4901-8FA6-60C909F072CE}.Release|Mixed Platforms.Build.0 = Release|Any CPU
		{EA7CCA46-7C41-4901-8FA6-60C909F072CE}.Release|x86.ActiveCfg = Release|Any CPU
		{F203F123-6922-4AFB-B4A7-55A8AFDE898F}.Debug|Any CPU.ActiveCfg = Debug|Any CPU
		{F203F123-6922-4AFB-B4A7-55A8AFDE898F}.Debug|Any CPU.Build.0 = Debug|Any CPU
		{F203F123-6922-4AFB-B4A7-55A8AFDE898F}.Debug|Mixed Platforms.ActiveCfg = Debug|Any CPU
		{F203F123-6922-4AFB-B4A7-55A8AFDE898F}.Debug|Mixed Platforms.Build.0 = Debug|Any CPU
		{F203F123-6922-4AFB-B4A7-55A8AFDE898F}.Debug|x86.ActiveCfg = Debug|Any CPU
		{F203F123-6922-4AFB-B4A7-55A8AFDE898F}.Debug|x86.Build.0 = Debug|Any CPU
		{F203F123-6922-4AFB-B4A7-55A8AFDE898F}.Release|Any CPU.ActiveCfg = Release|Any CPU
		{F203F123-6922-4AFB-B4A7-55A8AFDE898F}.Release|Any CPU.Build.0 = Release|Any CPU
		{F203F123-6922-4AFB-B4A7-55A8AFDE898F}.Release|Mixed Platforms.ActiveCfg = Release|Any CPU
		{F203F123-6922-4AFB-B4A7-55A8AFDE898F}.Release|Mixed Platforms.Build.0 = Release|Any CPU
		{F203F123-6922-4AFB-B4A7-55A8AFDE898F}.Release|x86.ActiveCfg = Release|Any CPU
		{3D3DC7C4-ADC4-40F2-AE2D-1C4EDACF902A}.Debug|Any CPU.ActiveCfg = Debug|x86
		{3D3DC7C4-ADC4-40F2-AE2D-1C4EDACF902A}.Debug|Mixed Platforms.ActiveCfg = Debug|x86
		{3D3DC7C4-ADC4-40F2-AE2D-1C4EDACF902A}.Debug|Mixed Platforms.Build.0 = Debug|x86
		{3D3DC7C4-ADC4-40F2-AE2D-1C4EDACF902A}.Debug|x86.ActiveCfg = Debug|x86
		{3D3DC7C4-ADC4-40F2-AE2D-1C4EDACF902A}.Debug|x86.Build.0 = Debug|x86
		{3D3DC7C4-ADC4-40F2-AE2D-1C4EDACF902A}.Release|Any CPU.ActiveCfg = Release|x86
		{3D3DC7C4-ADC4-40F2-AE2D-1C4EDACF902A}.Release|Mixed Platforms.ActiveCfg = Release|x86
		{3D3DC7C4-ADC4-40F2-AE2D-1C4EDACF902A}.Release|Mixed Platforms.Build.0 = Release|x86
		{3D3DC7C4-ADC4-40F2-AE2D-1C4EDACF902A}.Release|x86.ActiveCfg = Release|x86
		{3D3DC7C4-ADC4-40F2-AE2D-1C4EDACF902A}.Release|x86.Build.0 = Release|x86
		{B6DE12AC-6837-4A1F-9BB7-B622E40A0259}.Debug|Any CPU.ActiveCfg = Debug|Any CPU
		{B6DE12AC-6837-4A1F-9BB7-B622E40A0259}.Debug|Any CPU.Build.0 = Debug|Any CPU
		{B6DE12AC-6837-4A1F-9BB7-B622E40A0259}.Debug|Mixed Platforms.ActiveCfg = Debug|Any CPU
		{B6DE12AC-6837-4A1F-9BB7-B622E40A0259}.Debug|Mixed Platforms.Build.0 = Debug|Any CPU
		{B6DE12AC-6837-4A1F-9BB7-B622E40A0259}.Debug|x86.ActiveCfg = Debug|Any CPU
		{B6DE12AC-6837-4A1F-9BB7-B622E40A0259}.Debug|x86.Build.0 = Debug|Any CPU
		{B6DE12AC-6837-4A1F-9BB7-B622E40A0259}.Release|Any CPU.ActiveCfg = Release|Any CPU
		{B6DE12AC-6837-4A1F-9BB7-B622E40A0259}.Release|Any CPU.Build.0 = Release|Any CPU
		{B6DE12AC-6837-4A1F-9BB7-B622E40A0259}.Release|Mixed Platforms.ActiveCfg = Release|Any CPU
		{B6DE12AC-6837-4A1F-9BB7-B622E40A0259}.Release|Mixed Platforms.Build.0 = Release|Any CPU
		{B6DE12AC-6837-4A1F-9BB7-B622E40A0259}.Release|x86.ActiveCfg = Release|Any CPU
		{04C78095-6734-4B6B-9409-D72E71ED31AD}.Debug|Any CPU.ActiveCfg = Debug|Any CPU
		{04C78095-6734-4B6B-9409-D72E71ED31AD}.Debug|Any CPU.Build.0 = Debug|Any CPU
		{04C78095-6734-4B6B-9409-D72E71ED31AD}.Debug|Mixed Platforms.ActiveCfg = Debug|Any CPU
		{04C78095-6734-4B6B-9409-D72E71ED31AD}.Debug|Mixed Platforms.Build.0 = Debug|Any CPU
		{04C78095-6734-4B6B-9409-D72E71ED31AD}.Debug|x86.ActiveCfg = Debug|Any CPU
		{04C78095-6734-4B6B-9409-D72E71ED31AD}.Debug|x86.Build.0 = Debug|Any CPU
		{04C78095-6734-4B6B-9409-D72E71ED31AD}.Release|Any CPU.ActiveCfg = Release|Any CPU
		{04C78095-6734-4B6B-9409-D72E71ED31AD}.Release|Any CPU.Build.0 = Release|Any CPU
		{04C78095-6734-4B6B-9409-D72E71ED31AD}.Release|Mixed Platforms.ActiveCfg = Release|Any CPU
		{04C78095-6734-4B6B-9409-D72E71ED31AD}.Release|Mixed Platforms.Build.0 = Release|Any CPU
		{04C78095-6734-4B6B-9409-D72E71ED31AD}.Release|x86.ActiveCfg = Release|Any CPU
		{2A84AF44-EA5D-4C87-A282-86821E3FD9F7}.Debug|Any CPU.ActiveCfg = Debug|Any CPU
		{2A84AF44-EA5D-4C87-A282-86821E3FD9F7}.Debug|Any CPU.Build.0 = Debug|Any CPU
		{2A84AF44-EA5D-4C87-A282-86821E3FD9F7}.Debug|Mixed Platforms.ActiveCfg = Debug|Any CPU
		{2A84AF44-EA5D-4C87-A282-86821E3FD9F7}.Debug|Mixed Platforms.Build.0 = Debug|Any CPU
		{2A84AF44-EA5D-4C87-A282-86821E3FD9F7}.Debug|x86.ActiveCfg = Debug|Any CPU
		{2A84AF44-EA5D-4C87-A282-86821E3FD9F7}.Release|Any CPU.ActiveCfg = Release|Any CPU
		{2A84AF44-EA5D-4C87-A282-86821E3FD9F7}.Release|Any CPU.Build.0 = Release|Any CPU
		{2A84AF44-EA5D-4C87-A282-86821E3FD9F7}.Release|Mixed Platforms.ActiveCfg = Release|Any CPU
		{2A84AF44-EA5D-4C87-A282-86821E3FD9F7}.Release|Mixed Platforms.Build.0 = Release|Any CPU
		{2A84AF44-EA5D-4C87-A282-86821E3FD9F7}.Release|x86.ActiveCfg = Release|Any CPU
	EndGlobalSection
	GlobalSection(SolutionProperties) = preSolution
		HideSolutionNode = FALSE
	EndGlobalSection
EndGlobal
